
Microsoft Visual Studio Solution File, Format Version 12.00
# Visual Studio Version 17
VisualStudioVersion = 17.11.35327.3
MinimumVisualStudioVersion = 10.0.40219.1
Project("{9A19103F-16F7-4668-BE54-9A1E7A4F7556}") = "FromExcelToListClass", "FromExcelToListClass.csproj", "{3D875A04-4702-417B-B702-1A6BF8DA306A}"
EndProject
Global
	GlobalSection(SolutionConfigurationPlatforms) = preSolution
		Debug|Any CPU = Debug|Any CPU
		Release|Any CPU = Release|Any CPU
	EndGlobalSection
	GlobalSection(ProjectConfigurationPlatforms) = postSolution
		{3D875A04-4702-417B-B702-1A6BF8DA306A}.Debug|Any CPU.ActiveCfg = Debug|Any CPU
		{3D875A04-4702-417B-B702-1A6BF8DA306A}.Debug|Any CPU.Build.0 = Debug|Any CPU
		{3D875A04-4702-417B-B702-1A6BF8DA306A}.Release|Any CPU.ActiveCfg = Release|Any CPU
		{3D875A04-4702-417B-B702-1A6BF8DA306A}.Release|Any CPU.Build.0 = Release|Any CPU
	EndGlobalSection
	GlobalSection(SolutionProperties) = preSolution
		HideSolutionNode = FALSE
	EndGlobalSection
	GlobalSection(ExtensibilityGlobals) = postSolution
		SolutionGuid = {961FC599-5FA2-4F5C-8E0E-3F813BDADE5B}
	EndGlobalSection
EndGlobal
